// !$*UTF8*$!
{
	archiveVersion = 1;
	classes = {
	};
	objectVersion = 56;
	objects = {

/* Begin PBXBuildFile section */
		DD826D6A29894C1D00CE155D /* AppDelegate.swift in Sources */ = {isa = PBXBuildFile; fileRef = DD826D6929894C1D00CE155D /* AppDelegate.swift */; };
		DD826D6C29894C1D00CE155D /* SceneDelegate.swift in Sources */ = {isa = PBXBuildFile; fileRef = DD826D6B29894C1D00CE155D /* SceneDelegate.swift */; };
		DD826D6E29894C1D00CE155D /* MainTabBarViewController.swift in Sources */ = {isa = PBXBuildFile; fileRef = DD826D6D29894C1D00CE155D /* MainTabBarViewController.swift */; };
		DD826D7329894C1E00CE155D /* Assets.xcassets in Resources */ = {isa = PBXBuildFile; fileRef = DD826D7229894C1E00CE155D /* Assets.xcassets */; };
		DD826D7629894C1E00CE155D /* LaunchScreen.storyboard in Resources */ = {isa = PBXBuildFile; fileRef = DD826D7429894C1E00CE155D /* LaunchScreen.storyboard */; };
		DD826D7F29894E4300CE155D /* HomeViewController.swift in Sources */ = {isa = PBXBuildFile; fileRef = DD826D7E29894E4300CE155D /* HomeViewController.swift */; };
		DD826D8129894E6300CE155D /* UpcomingViewController.swift in Sources */ = {isa = PBXBuildFile; fileRef = DD826D8029894E6300CE155D /* UpcomingViewController.swift */; };
		DD826D8329894E7800CE155D /* SearchViewController.swift in Sources */ = {isa = PBXBuildFile; fileRef = DD826D8229894E7800CE155D /* SearchViewController.swift */; };
		DD826D8529894E9700CE155D /* DownloadsViewController.swift in Sources */ = {isa = PBXBuildFile; fileRef = DD826D8429894E9700CE155D /* DownloadsViewController.swift */; };
		DD8BBFCA29895484001CFF44 /* CollectionViewTableViewCell.swift in Sources */ = {isa = PBXBuildFile; fileRef = DD8BBFC929895484001CFF44 /* CollectionViewTableViewCell.swift */; };
		DD8BBFCC29899D5E001CFF44 /* HeroHeaderUIView.swift in Sources */ = {isa = PBXBuildFile; fileRef = DD8BBFCB29899D5E001CFF44 /* HeroHeaderUIView.swift */; };
		DD8BBFCE2989AEE7001CFF44 /* APICaller.swift in Sources */ = {isa = PBXBuildFile; fileRef = DD8BBFCD2989AEE7001CFF44 /* APICaller.swift */; };
		DD8BBFD02989B184001CFF44 /* Movie.swift in Sources */ = {isa = PBXBuildFile; fileRef = DD8BBFCF2989B184001CFF44 /* Movie.swift */; };
		DD8BBFD22989B564001CFF44 /* Extensions.swift in Sources */ = {isa = PBXBuildFile; fileRef = DD8BBFD12989B564001CFF44 /* Extensions.swift */; };
		DD8BBFD42989B766001CFF44 /* Tv.swift in Sources */ = {isa = PBXBuildFile; fileRef = DD8BBFD32989B766001CFF44 /* Tv.swift */; };
/* End PBXBuildFile section */

/* Begin PBXFileReference section */
		DD826D6629894C1D00CE155D /* Netflix Clone.app */ = {isa = PBXFileReference; explicitFileType = wrapper.application; includeInIndex = 0; path = "Netflix Clone.app"; sourceTree = BUILT_PRODUCTS_DIR; };
		DD826D6929894C1D00CE155D /* AppDelegate.swift */ = {isa = PBXFileReference; lastKnownFileType = sourcecode.swift; path = AppDelegate.swift; sourceTree = "<group>"; };
		DD826D6B29894C1D00CE155D /* SceneDelegate.swift */ = {isa = PBXFileReference; lastKnownFileType = sourcecode.swift; path = SceneDelegate.swift; sourceTree = "<group>"; };
		DD826D6D29894C1D00CE155D /* MainTabBarViewController.swift */ = {isa = PBXFileReference; lastKnownFileType = sourcecode.swift; path = MainTabBarViewController.swift; sourceTree = "<group>"; };
		DD826D7229894C1E00CE155D /* Assets.xcassets */ = {isa = PBXFileReference; lastKnownFileType = folder.assetcatalog; path = Assets.xcassets; sourceTree = "<group>"; };
		DD826D7529894C1E00CE155D /* Base */ = {isa = PBXFileReference; lastKnownFileType = file.storyboard; name = Base; path = Base.lproj/LaunchScreen.storyboard; sourceTree = "<group>"; };
		DD826D7729894C1E00CE155D /* Info.plist */ = {isa = PBXFileReference; lastKnownFileType = text.plist.xml; path = Info.plist; sourceTree = "<group>"; };
		DD826D7E29894E4300CE155D /* HomeViewController.swift */ = {isa = PBXFileReference; lastKnownFileType = sourcecode.swift; path = HomeViewController.swift; sourceTree = "<group>"; };
		DD826D8029894E6300CE155D /* UpcomingViewController.swift */ = {isa = PBXFileReference; lastKnownFileType = sourcecode.swift; path = UpcomingViewController.swift; sourceTree = "<group>"; };
		DD826D8229894E7800CE155D /* SearchViewController.swift */ = {isa = PBXFileReference; lastKnownFileType = sourcecode.swift; path = SearchViewController.swift; sourceTree = "<group>"; };
		DD826D8429894E9700CE155D /* DownloadsViewController.swift */ = {isa = PBXFileReference; lastKnownFileType = sourcecode.swift; path = DownloadsViewController.swift; sourceTree = "<group>"; };
		DD8BBFC929895484001CFF44 /* CollectionViewTableViewCell.swift */ = {isa = PBXFileReference; lastKnownFileType = sourcecode.swift; path = CollectionViewTableViewCell.swift; sourceTree = "<group>"; };
		DD8BBFCB29899D5E001CFF44 /* HeroHeaderUIView.swift */ = {isa = PBXFileReference; lastKnownFileType = sourcecode.swift; path = HeroHeaderUIView.swift; sourceTree = "<group>"; };
		DD8BBFCD2989AEE7001CFF44 /* APICaller.swift */ = {isa = PBXFileReference; lastKnownFileType = sourcecode.swift; path = APICaller.swift; sourceTree = "<group>"; };
		DD8BBFCF2989B184001CFF44 /* Movie.swift */ = {isa = PBXFileReference; lastKnownFileType = sourcecode.swift; path = Movie.swift; sourceTree = "<group>"; };
		DD8BBFD12989B564001CFF44 /* Extensions.swift */ = {isa = PBXFileReference; lastKnownFileType = sourcecode.swift; path = Extensions.swift; sourceTree = "<group>"; };
		DD8BBFD32989B766001CFF44 /* Tv.swift */ = {isa = PBXFileReference; lastKnownFileType = sourcecode.swift; path = Tv.swift; sourceTree = "<group>"; };
/* End PBXFileReference section */

/* Begin PBXFrameworksBuildPhase section */
		DD826D6329894C1D00CE155D /* Frameworks */ = {
			isa = PBXFrameworksBuildPhase;
			buildActionMask = 2147483647;
			files = (
			);
			runOnlyForDeploymentPostprocessing = 0;
		};
/* End PBXFrameworksBuildPhase section */

/* Begin PBXGroup section */
		DD826D5D29894C1D00CE155D = {
			isa = PBXGroup;
			children = (
				DD826D6829894C1D00CE155D /* Netflix Clone */,
				DD826D6729894C1D00CE155D /* Products */,
			);
			sourceTree = "<group>";
		};
		DD826D6729894C1D00CE155D /* Products */ = {
			isa = PBXGroup;
			children = (
				DD826D6629894C1D00CE155D /* Netflix Clone.app */,
			);
			name = Products;
			sourceTree = "<group>";
		};
		DD826D6829894C1D00CE155D /* Netflix Clone */ = {
			isa = PBXGroup;
			children = (
				DD8BBFC82989544D001CFF44 /* Managers */,
				DD8BBFC729895446001CFF44 /* Resources */,
				DD8BBFC629895429001CFF44 /* Models */,
				DD8BBFC529895420001CFF44 /* ViewModels */,
				DD8BBFC429895419001CFF44 /* Views */,
				DD826D7D29894E2C00CE155D /* Controllers */,
				DD826D6929894C1D00CE155D /* AppDelegate.swift */,
				DD826D6B29894C1D00CE155D /* SceneDelegate.swift */,
				DD826D6D29894C1D00CE155D /* MainTabBarViewController.swift */,
				DD826D7229894C1E00CE155D /* Assets.xcassets */,
				DD826D7429894C1E00CE155D /* LaunchScreen.storyboard */,
				DD826D7729894C1E00CE155D /* Info.plist */,
			);
			path = "Netflix Clone";
			sourceTree = "<group>";
		};
		DD826D7D29894E2C00CE155D /* Controllers */ = {
			isa = PBXGroup;
			children = (
				DD826D7E29894E4300CE155D /* HomeViewController.swift */,
				DD826D8029894E6300CE155D /* UpcomingViewController.swift */,
				DD826D8229894E7800CE155D /* SearchViewController.swift */,
				DD826D8429894E9700CE155D /* DownloadsViewController.swift */,
			);
			path = Controllers;
			sourceTree = "<group>";
		};
		DD8BBFC429895419001CFF44 /* Views */ = {
			isa = PBXGroup;
			children = (
				DD8BBFCB29899D5E001CFF44 /* HeroHeaderUIView.swift */,
				DD8BBFC929895484001CFF44 /* CollectionViewTableViewCell.swift */,
			);
			path = Views;
			sourceTree = "<group>";
		};
		DD8BBFC529895420001CFF44 /* ViewModels */ = {
			isa = PBXGroup;
			children = (
			);
			path = ViewModels;
			sourceTree = "<group>";
		};
		DD8BBFC629895429001CFF44 /* Models */ = {
			isa = PBXGroup;
			children = (
				DD8BBFCF2989B184001CFF44 /* Movie.swift */,
				DD8BBFD32989B766001CFF44 /* Tv.swift */,
			);
			path = Models;
			sourceTree = "<group>";
		};
		DD8BBFC729895446001CFF44 /* Resources */ = {
			isa = PBXGroup;
			children = (
				DD8BBFD12989B564001CFF44 /* Extensions.swift */,
			);
			path = Resources;
			sourceTree = "<group>";
		};
		DD8BBFC82989544D001CFF44 /* Managers */ = {
			isa = PBXGroup;
			children = (
				DD8BBFCD2989AEE7001CFF44 /* APICaller.swift */,
			);
			path = Managers;
			sourceTree = "<group>";
		};
/* End PBXGroup section */

/* Begin PBXNativeTarget section */
		DD826D6529894C1D00CE155D /* Netflix Clone */ = {
			isa = PBXNativeTarget;
			buildConfigurationList = DD826D7A29894C1E00CE155D /* Build configuration list for PBXNativeTarget "Netflix Clone" */;
			buildPhases = (
				DD826D6229894C1D00CE155D /* Sources */,
				DD826D6329894C1D00CE155D /* Frameworks */,
				DD826D6429894C1D00CE155D /* Resources */,
			);
			buildRules = (
			);
			dependencies = (
			);
			name = "Netflix Clone";
			productName = "Netflix Clone";
			productReference = DD826D6629894C1D00CE155D /* Netflix Clone.app */;
			productType = "com.apple.product-type.application";
		};
/* End PBXNativeTarget section */

/* Begin PBXProject section */
		DD826D5E29894C1D00CE155D /* Project object */ = {
			isa = PBXProject;
			attributes = {
				BuildIndependentTargetsInParallel = 1;
				LastSwiftUpdateCheck = 1400;
				LastUpgradeCheck = 1400;
				TargetAttributes = {
					DD826D6529894C1D00CE155D = {
						CreatedOnToolsVersion = 14.0.1;
					};
				};
			};
			buildConfigurationList = DD826D6129894C1D00CE155D /* Build configuration list for PBXProject "Netflix Clone" */;
			compatibilityVersion = "Xcode 14.0";
			developmentRegion = en;
			hasScannedForEncodings = 0;
			knownRegions = (
				en,
				Base,
			);
			mainGroup = DD826D5D29894C1D00CE155D;
			productRefGroup = DD826D6729894C1D00CE155D /* Products */;
			projectDirPath = "";
			projectRoot = "";
			targets = (
				DD826D6529894C1D00CE155D /* Netflix Clone */,
			);
		};
/* End PBXProject section */

/* Begin PBXResourcesBuildPhase section */
		DD826D6429894C1D00CE155D /* Resources */ = {
			isa = PBXResourcesBuildPhase;
			buildActionMask = 2147483647;
			files = (
				DD826D7629894C1E00CE155D /* LaunchScreen.storyboard in Resources */,
				DD826D7329894C1E00CE155D /* Assets.xcassets in Resources */,
			);
			runOnlyForDeploymentPostprocessing = 0;
		};
/* End PBXResourcesBuildPhase section */

/* Begin PBXSourcesBuildPhase section */
		DD826D6229894C1D00CE155D /* Sources */ = {
			isa = PBXSourcesBuildPhase;
			buildActionMask = 2147483647;
			files = (
				DD826D8329894E7800CE155D /* SearchViewController.swift in Sources */,
				DD8BBFD42989B766001CFF44 /* Tv.swift in Sources */,
				DD826D6E29894C1D00CE155D /* MainTabBarViewController.swift in Sources */,
				DD8BBFCA29895484001CFF44 /* CollectionViewTableViewCell.swift in Sources */,
				DD8BBFCE2989AEE7001CFF44 /* APICaller.swift in Sources */,
				DD8BBFCC29899D5E001CFF44 /* HeroHeaderUIView.swift in Sources */,
				DD826D8529894E9700CE155D /* DownloadsViewController.swift in Sources */,
				DD826D6A29894C1D00CE155D /* AppDelegate.swift in Sources */,
				DD8BBFD22989B564001CFF44 /* Extensions.swift in Sources */,
				DD826D6C29894C1D00CE155D /* SceneDelegate.swift in Sources */,
				DD826D8129894E6300CE155D /* UpcomingViewController.swift in Sources */,
				DD8BBFD02989B184001CFF44 /* Movie.swift in Sources */,
				DD826D7F29894E4300CE155D /* HomeViewController.swift in Sources */,
			);
			runOnlyForDeploymentPostprocessing = 0;
		};
/* End PBXSourcesBuildPhase section */

/* Begin PBXVariantGroup section */
		DD826D7429894C1E00CE155D /* LaunchScreen.storyboard */ = {
			isa = PBXVariantGroup;
			children = (
				DD826D7529894C1E00CE155D /* Base */,
			);
			name = LaunchScreen.storyboard;
			sourceTree = "<group>";
		};
/* End PBXVariantGroup section */

/* Begin XCBuildConfiguration section */
		DD826D7829894C1E00CE155D /* Debug */ = {
			isa = XCBuildConfiguration;
			buildSettings = {
				ALWAYS_SEARCH_USER_PATHS = NO;
				CLANG_ANALYZER_NONNULL = YES;
				CLANG_ANALYZER_NUMBER_OBJECT_CONVERSION = YES_AGGRESSIVE;
				CLANG_CXX_LANGUAGE_STANDARD = "gnu++20";
				CLANG_ENABLE_MODULES = YES;
				CLANG_ENABLE_OBJC_ARC = YES;
				CLANG_ENABLE_OBJC_WEAK = YES;
				CLANG_WARN_BLOCK_CAPTURE_AUTORELEASING = YES;
				CLANG_WARN_BOOL_CONVERSION = YES;
				CLANG_WARN_COMMA = YES;
				CLANG_WARN_CONSTANT_CONVERSION = YES;
				CLANG_WARN_DEPRECATED_OBJC_IMPLEMENTATIONS = YES;
				CLANG_WARN_DIRECT_OBJC_ISA_USAGE = YES_ERROR;
				CLANG_WARN_DOCUMENTATION_COMMENTS = YES;
				CLANG_WARN_EMPTY_BODY = YES;
				CLANG_WARN_ENUM_CONVERSION = YES;
				CLANG_WARN_INFINITE_RECURSION = YES;
				CLANG_WARN_INT_CONVERSION = YES;
				CLANG_WARN_NON_LITERAL_NULL_CONVERSION = YES;
				CLANG_WARN_OBJC_IMPLICIT_RETAIN_SELF = YES;
				CLANG_WARN_OBJC_LITERAL_CONVERSION = YES;
				CLANG_WARN_OBJC_ROOT_CLASS = YES_ERROR;
				CLANG_WARN_QUOTED_INCLUDE_IN_FRAMEWORK_HEADER = YES;
				CLANG_WARN_RANGE_LOOP_ANALYSIS = YES;
				CLANG_WARN_STRICT_PROTOTYPES = YES;
				CLANG_WARN_SUSPICIOUS_MOVE = YES;
				CLANG_WARN_UNGUARDED_AVAILABILITY = YES_AGGRESSIVE;
				CLANG_WARN_UNREACHABLE_CODE = YES;
				CLANG_WARN__DUPLICATE_METHOD_MATCH = YES;
				COPY_PHASE_STRIP = NO;
				DEBUG_INFORMATION_FORMAT = dwarf;
				ENABLE_STRICT_OBJC_MSGSEND = YES;
				ENABLE_TESTABILITY = YES;
				GCC_C_LANGUAGE_STANDARD = gnu11;
				GCC_DYNAMIC_NO_PIC = NO;
				GCC_NO_COMMON_BLOCKS = YES;
				GCC_OPTIMIZATION_LEVEL = 0;
				GCC_PREPROCESSOR_DEFINITIONS = (
					"DEBUG=1",
					"$(inherited)",
				);
				GCC_WARN_64_TO_32_BIT_CONVERSION = YES;
				GCC_WARN_ABOUT_RETURN_TYPE = YES_ERROR;
				GCC_WARN_UNDECLARED_SELECTOR = YES;
				GCC_WARN_UNINITIALIZED_AUTOS = YES_AGGRESSIVE;
				GCC_WARN_UNUSED_FUNCTION = YES;
				GCC_WARN_UNUSED_VARIABLE = YES;
				IPHONEOS_DEPLOYMENT_TARGET = 16.0;
				MTL_ENABLE_DEBUG_INFO = INCLUDE_SOURCE;
				MTL_FAST_MATH = YES;
				ONLY_ACTIVE_ARCH = YES;
				SDKROOT = iphoneos;
				SWIFT_ACTIVE_COMPILATION_CONDITIONS = DEBUG;
				SWIFT_OPTIMIZATION_LEVEL = "-Onone";
			};
			name = Debug;
		};
		DD826D7929894C1E00CE155D /* Release */ = {
			isa = XCBuildConfiguration;
			buildSettings = {
				ALWAYS_SEARCH_USER_PATHS = NO;
				CLANG_ANALYZER_NONNULL = YES;
				CLANG_ANALYZER_NUMBER_OBJECT_CONVERSION = YES_AGGRESSIVE;
				CLANG_CXX_LANGUAGE_STANDARD = "gnu++20";
				CLANG_ENABLE_MODULES = YES;
				CLANG_ENABLE_OBJC_ARC = YES;
				CLANG_ENABLE_OBJC_WEAK = YES;
				CLANG_WARN_BLOCK_CAPTURE_AUTORELEASING = YES;
				CLANG_WARN_BOOL_CONVERSION = YES;
				CLANG_WARN_COMMA = YES;
				CLANG_WARN_CONSTANT_CONVERSION = YES;
				CLANG_WARN_DEPRECATED_OBJC_IMPLEMENTATIONS = YES;
				CLANG_WARN_DIRECT_OBJC_ISA_USAGE = YES_ERROR;
				CLANG_WARN_DOCUMENTATION_COMMENTS = YES;
				CLANG_WARN_EMPTY_BODY = YES;
				CLANG_WARN_ENUM_CONVERSION = YES;
				CLANG_WARN_INFINITE_RECURSION = YES;
				CLANG_WARN_INT_CONVERSION = YES;
				CLANG_WARN_NON_LITERAL_NULL_CONVERSION = YES;
				CLANG_WARN_OBJC_IMPLICIT_RETAIN_SELF = YES;
				CLANG_WARN_OBJC_LITERAL_CONVERSION = YES;
				CLANG_WARN_OBJC_ROOT_CLASS = YES_ERROR;
				CLANG_WARN_QUOTED_INCLUDE_IN_FRAMEWORK_HEADER = YES;
				CLANG_WARN_RANGE_LOOP_ANALYSIS = YES;
				CLANG_WARN_STRICT_PROTOTYPES = YES;
				CLANG_WARN_SUSPICIOUS_MOVE = YES;
				CLANG_WARN_UNGUARDED_AVAILABILITY = YES_AGGRESSIVE;
				CLANG_WARN_UNREACHABLE_CODE = YES;
				CLANG_WARN__DUPLICATE_METHOD_MATCH = YES;
				COPY_PHASE_STRIP = NO;
				DEBUG_INFORMATION_FORMAT = "dwarf-with-dsym";
				ENABLE_NS_ASSERTIONS = NO;
				ENABLE_STRICT_OBJC_MSGSEND = YES;
				GCC_C_LANGUAGE_STANDARD = gnu11;
				GCC_NO_COMMON_BLOCKS = YES;
				GCC_WARN_64_TO_32_BIT_CONVERSION = YES;
				GCC_WARN_ABOUT_RETURN_TYPE = YES_ERROR;
				GCC_WARN_UNDECLARED_SELECTOR = YES;
				GCC_WARN_UNINITIALIZED_AUTOS = YES_AGGRESSIVE;
				GCC_WARN_UNUSED_FUNCTION = YES;
				GCC_WARN_UNUSED_VARIABLE = YES;
				IPHONEOS_DEPLOYMENT_TARGET = 16.0;
				MTL_ENABLE_DEBUG_INFO = NO;
				MTL_FAST_MATH = YES;
				SDKROOT = iphoneos;
				SWIFT_COMPILATION_MODE = wholemodule;
				SWIFT_OPTIMIZATION_LEVEL = "-O";
				VALIDATE_PRODUCT = YES;
			};
			name = Release;
		};
		DD826D7B29894C1E00CE155D /* Debug */ = {
			isa = XCBuildConfiguration;
			buildSettings = {
				ASSETCATALOG_COMPILER_APPICON_NAME = AppIcon;
				ASSETCATALOG_COMPILER_GLOBAL_ACCENT_COLOR_NAME = AccentColor;
				CODE_SIGN_STYLE = Automatic;
				CURRENT_PROJECT_VERSION = 1;
				DEVELOPMENT_TEAM = DC2CCCCLGJ;
				GENERATE_INFOPLIST_FILE = YES;
				INFOPLIST_FILE = "Netflix Clone/Info.plist";
				INFOPLIST_KEY_UIApplicationSupportsIndirectInputEvents = YES;
				INFOPLIST_KEY_UILaunchStoryboardName = LaunchScreen;
				INFOPLIST_KEY_UISupportedInterfaceOrientations_iPad = "UIInterfaceOrientationPortrait UIInterfaceOrientationPortraitUpsideDown UIInterfaceOrientationLandscapeLeft UIInterfaceOrientationLandscapeRight";
				INFOPLIST_KEY_UISupportedInterfaceOrientations_iPhone = "UIInterfaceOrientationPortrait UIInterfaceOrientationLandscapeLeft UIInterfaceOrientationLandscapeRight";
				LD_RUNPATH_SEARCH_PATHS = (
					"$(inherited)",
					"@executable_path/Frameworks",
				);
				MARKETING_VERSION = 1.0;
				PRODUCT_BUNDLE_IDENTIFIER = "com.aligorkemaksoz.Netflix-Clone";
				PRODUCT_NAME = "$(TARGET_NAME)";
				SWIFT_EMIT_LOC_STRINGS = YES;
				SWIFT_VERSION = 5.0;
				TARGETED_DEVICE_FAMILY = "1,2";
			};
			name = Debug;
		};
		DD826D7C29894C1E00CE155D /* Release */ = {
			isa = XCBuildConfiguration;
			buildSettings = {
				ASSETCATALOG_COMPILER_APPICON_NAME = AppIcon;
				ASSETCATALOG_COMPILER_GLOBAL_ACCENT_COLOR_NAME = AccentColor;
				CODE_SIGN_STYLE = Automatic;
				CURRENT_PROJECT_VERSION = 1;
				DEVELOPMENT_TEAM = DC2CCCCLGJ;
				GENERATE_INFOPLIST_FILE = YES;
				INFOPLIST_FILE = "Netflix Clone/Info.plist";
				INFOPLIST_KEY_UIApplicationSupportsIndirectInputEvents = YES;
				INFOPLIST_KEY_UILaunchStoryboardName = LaunchScreen;
				INFOPLIST_KEY_UISupportedInterfaceOrientations_iPad = "UIInterfaceOrientationPortrait UIInterfaceOrientationPortraitUpsideDown UIInterfaceOrientationLandscapeLeft UIInterfaceOrientationLandscapeRight";
				INFOPLIST_KEY_UISupportedInterfaceOrientations_iPhone = "UIInterfaceOrientationPortrait UIInterfaceOrientationLandscapeLeft UIInterfaceOrientationLandscapeRight";
				LD_RUNPATH_SEARCH_PATHS = (
					"$(inherited)",
					"@executable_path/Frameworks",
				);
				MARKETING_VERSION = 1.0;
				PRODUCT_BUNDLE_IDENTIFIER = "com.aligorkemaksoz.Netflix-Clone";
				PRODUCT_NAME = "$(TARGET_NAME)";
				SWIFT_EMIT_LOC_STRINGS = YES;
				SWIFT_VERSION = 5.0;
				TARGETED_DEVICE_FAMILY = "1,2";
			};
			name = Release;
		};
/* End XCBuildConfiguration section */

/* Begin XCConfigurationList section */
		DD826D6129894C1D00CE155D /* Build configuration list for PBXProject "Netflix Clone" */ = {
			isa = XCConfigurationList;
			buildConfigurations = (
				DD826D7829894C1E00CE155D /* Debug */,
				DD826D7929894C1E00CE155D /* Release */,
			);
			defaultConfigurationIsVisible = 0;
			defaultConfigurationName = Release;
		};
		DD826D7A29894C1E00CE155D /* Build configuration list for PBXNativeTarget "Netflix Clone" */ = {
			isa = XCConfigurationList;
			buildConfigurations = (
				DD826D7B29894C1E00CE155D /* Debug */,
				DD826D7C29894C1E00CE155D /* Release */,
			);
			defaultConfigurationIsVisible = 0;
			defaultConfigurationName = Release;
		};
/* End XCConfigurationList section */
	};
	rootObject = DD826D5E29894C1D00CE155D /* Project object */;
}
